
Microsoft Visual Studio Solution File, Format Version 11.00
# Visual Studio 2010
Project("{FAE04EC0-301F-11D3-BF4B-00C04F79EFBC}") = "UnityEngine.TestRunner", "UnityEngine.TestRunner.csproj", "{f0e51789-38c6-d29e-9bd1-6e4b01a80de8}"
EndProject
Project("{FAE04EC0-301F-11D3-BF4B-00C04F79EFBC}") = "UnityEngine.XR.LegacyInputHelpers", "UnityEngine.XR.LegacyInputHelpers.csproj", "{740e04a5-4250-9c9c-18b0-2c7b3e0271ed}"
EndProject
Project("{FAE04EC0-301F-11D3-BF4B-00C04F79EFBC}") = "Unity.XR.ARFoundation", "Unity.XR.ARFoundation.csproj", "{485566f8-86df-ad2b-081d-316efb9ce38e}"
EndProject
Project("{FAE04EC0-301F-11D3-BF4B-00C04F79EFBC}") = "Unity.XR.ARKit", "Unity.XR.ARKit.csproj", "{3bf9d412-bb5f-bd27-d7c5-fd66a93d45e2}"
EndProject
Project("{FAE04EC0-301F-11D3-BF4B-00C04F79EFBC}") = "Unity.XR.ARSubsystems", "Unity.XR.ARSubsystems.csproj", "{73366791-376a-57c9-7fdb-8c66176bad9f}"
EndProject
Project("{FAE04EC0-301F-11D3-BF4B-00C04F79EFBC}") = "Unity.Timeline", "Unity.Timeline.csproj", "{4fc26a92-c583-f95c-d2ae-6e908ab06d1c}"
EndProject
Project("{FAE04EC0-301F-11D3-BF4B-00C04F79EFBC}") = "Unity.XR.ARCore", "Unity.XR.ARCore.csproj", "{8bb78bd2-8af2-203b-4023-159ccb87b32e}"
EndProject
Project("{FAE04EC0-301F-11D3-BF4B-00C04F79EFBC}") = "UnityEngine.UI", "UnityEngine.UI.csproj", "{0a33ca42-124c-5bcc-4d58-0a78b3cf94b6}"
EndProject
Project("{FAE04EC0-301F-11D3-BF4B-00C04F79EFBC}") = "Unity.TextMeshPro", "Unity.TextMeshPro.csproj", "{7f021160-0535-6432-d25b-56f9b30252ea}"
EndProject
Project("{FAE04EC0-301F-11D3-BF4B-00C04F79EFBC}") = "Unity.XR.Management", "Unity.XR.Management.csproj", "{48515721-e1e5-cd0b-ec01-be068447fe98}"
EndProject
Project("{FAE04EC0-301F-11D3-BF4B-00C04F79EFBC}") = "Unity.Subsystem.Registration", "Unity.Subsystem.Registration.csproj", "{d06f5961-068a-cf67-b05e-0679240b9fd7}"
EndProject
Project("{FAE04EC0-301F-11D3-BF4B-00C04F79EFBC}") = "UnityEngine.SpatialTracking", "UnityEngine.SpatialTracking.csproj", "{989503c2-5490-2af0-293a-f8d2b0e31d7e}"
EndProject
Project("{FAE04EC0-301F-11D3-BF4B-00C04F79EFBC}") = "Assembly-CSharp", "Assembly-CSharp.csproj", "{2365ad2a-c8cb-5d2d-878e-dfa5c27cddfd}"
EndProject
Project("{FAE04EC0-301F-11D3-BF4B-00C04F79EFBC}") = "Unity.XR.Management.Editor", "Unity.XR.Management.Editor.csproj", "{dbfb7851-d485-93ca-932d-a2294a3f254f}"
EndProject
Project("{FAE04EC0-301F-11D3-BF4B-00C04F79EFBC}") = "UnityEditor.TestRunner", "UnityEditor.TestRunner.csproj", "{86fb4802-1964-9b9a-8275-411170853b31}"
EndProject
Project("{FAE04EC0-301F-11D3-BF4B-00C04F79EFBC}") = "Unity.PlasticSCM.Editor", "Unity.PlasticSCM.Editor.csproj", "{e9ac2b06-2fae-050b-2942-647c1f9e0b74}"
EndProject
Project("{FAE04EC0-301F-11D3-BF4B-00C04F79EFBC}") = "UnityEditor.UI", "UnityEditor.UI.csproj", "{aec0d6a6-c5e6-7b2c-31b9-8cfd0f6775eb}"
EndProject
Project("{FAE04EC0-301F-11D3-BF4B-00C04F79EFBC}") = "Unity.Services.Core.Editor", "Unity.Services.Core.Editor.csproj", "{1968e01f-47ed-8009-4a85-efe4ec835416}"
EndProject
Project("{FAE04EC0-301F-11D3-BF4B-00C04F79EFBC}") = "Unity.Timeline.Editor", "Unity.Timeline.Editor.csproj", "{a2ab52e2-7aac-0157-2e43-1371552b91bf}"
EndProject
Project("{FAE04EC0-301F-11D3-BF4B-00C04F79EFBC}") = "Unity.VisualStudio.Editor", "Unity.VisualStudio.Editor.csproj", "{c5a391ed-e454-fe07-f85b-a17c08183dda}"
EndProject
Project("{FAE04EC0-301F-11D3-BF4B-00C04F79EFBC}") = "Unity.XR.ARFoundation.Editor", "Unity.XR.ARFoundation.Editor.csproj", "{ea67cbb7-c256-57da-f649-c11c8fe73b02}"
EndProject
Project("{FAE04EC0-301F-11D3-BF4B-00C04F79EFBC}") = "Unity.TextMeshPro.Editor", "Unity.TextMeshPro.Editor.csproj", "{7b5c109a-1ca9-fa40-dc62-eb62d88a1ce0}"
EndProject
Project("{FAE04EC0-301F-11D3-BF4B-00C04F79EFBC}") = "Unity.CollabProxy.Editor", "Unity.CollabProxy.Editor.csproj", "{f712c2f9-f22d-1cca-c576-b2eac6f49086}"
EndProject
Project("{FAE04EC0-301F-11D3-BF4B-00C04F79EFBC}") = "Unity.Rider.Editor", "Unity.Rider.Editor.csproj", "{f3f0a003-0e7e-7bff-a215-569420e5d510}"
EndProject
Project("{FAE04EC0-301F-11D3-BF4B-00C04F79EFBC}") = "Unity.XR.ARKit.Editor", "Unity.XR.ARKit.Editor.csproj", "{a8b58d0f-fcbb-6a1a-8e25-32eb9f5f1943}"
EndProject
Project("{FAE04EC0-301F-11D3-BF4B-00C04F79EFBC}") = "UnityEditor.XR.LegacyInputHelpers", "UnityEditor.XR.LegacyInputHelpers.csproj", "{a18d7a0d-54cc-0035-1198-ca7c7b0a0da9}"
EndProject
Project("{FAE04EC0-301F-11D3-BF4B-00C04F79EFBC}") = "Unity.VSCode.Editor", "Unity.VSCode.Editor.csproj", "{6e90d072-adec-6c85-8699-cc4a342da315}"
EndProject
Project("{FAE04EC0-301F-11D3-BF4B-00C04F79EFBC}") = "Unity.EditorCoroutines.Editor", "Unity.EditorCoroutines.Editor.csproj", "{a42b3fe1-ab19-075a-ab98-a5c168670575}"
EndProject
Project("{FAE04EC0-301F-11D3-BF4B-00C04F79EFBC}") = "UnityEditor.SpatialTracking", "UnityEditor.SpatialTracking.csproj", "{95c31132-87bc-176f-6687-ce2cddcbb5cb}"
EndProject
Project("{FAE04EC0-301F-11D3-BF4B-00C04F79EFBC}") = "Unity.XR.ARCore.Editor", "Unity.XR.ARCore.Editor.csproj", "{52d23624-6937-025c-39c7-0b0e624811bf}"
EndProject
Project("{FAE04EC0-301F-11D3-BF4B-00C04F79EFBC}") = "Unity.XR.ARSubsystems.Editor", "Unity.XR.ARSubsystems.Editor.csproj", "{21237956-e9f6-895e-30ae-6425a8ae7387}"
EndProject
Project("{FAE04EC0-301F-11D3-BF4B-00C04F79EFBC}") = "Unity.InternalAPIEditorBridge.005", "Unity.InternalAPIEditorBridge.005.csproj", "{8f7c523d-b914-2fe1-608f-f05744287880}"
EndProject
Global
	GlobalSection(SolutionConfigurationPlatforms) = preSolution
		Debug|Any CPU = Debug|Any CPU
	EndGlobalSection
	GlobalSection(ProjectConfigurationPlatforms) = postSolution
		{f0e51789-38c6-d29e-9bd1-6e4b01a80de8}.Debug|Any CPU.ActiveCfg = Debug|Any CPU
		{f0e51789-38c6-d29e-9bd1-6e4b01a80de8}.Debug|Any CPU.Build.0 = Debug|Any CPU
		{740e04a5-4250-9c9c-18b0-2c7b3e0271ed}.Debug|Any CPU.ActiveCfg = Debug|Any CPU
		{740e04a5-4250-9c9c-18b0-2c7b3e0271ed}.Debug|Any CPU.Build.0 = Debug|Any CPU
		{485566f8-86df-ad2b-081d-316efb9ce38e}.Debug|Any CPU.ActiveCfg = Debug|Any CPU
		{485566f8-86df-ad2b-081d-316efb9ce38e}.Debug|Any CPU.Build.0 = Debug|Any CPU
		{3bf9d412-bb5f-bd27-d7c5-fd66a93d45e2}.Debug|Any CPU.ActiveCfg = Debug|Any CPU
		{3bf9d412-bb5f-bd27-d7c5-fd66a93d45e2}.Debug|Any CPU.Build.0 = Debug|Any CPU
		{73366791-376a-57c9-7fdb-8c66176bad9f}.Debug|Any CPU.ActiveCfg = Debug|Any CPU
		{73366791-376a-57c9-7fdb-8c66176bad9f}.Debug|Any CPU.Build.0 = Debug|Any CPU
		{4fc26a92-c583-f95c-d2ae-6e908ab06d1c}.Debug|Any CPU.ActiveCfg = Debug|Any CPU
		{4fc26a92-c583-f95c-d2ae-6e908ab06d1c}.Debug|Any CPU.Build.0 = Debug|Any CPU
		{8bb78bd2-8af2-203b-4023-159ccb87b32e}.Debug|Any CPU.ActiveCfg = Debug|Any CPU
		{8bb78bd2-8af2-203b-4023-159ccb87b32e}.Debug|Any CPU.Build.0 = Debug|Any CPU
		{0a33ca42-124c-5bcc-4d58-0a78b3cf94b6}.Debug|Any CPU.ActiveCfg = Debug|Any CPU
		{0a33ca42-124c-5bcc-4d58-0a78b3cf94b6}.Debug|Any CPU.Build.0 = Debug|Any CPU
		{7f021160-0535-6432-d25b-56f9b30252ea}.Debug|Any CPU.ActiveCfg = Debug|Any CPU
		{7f021160-0535-6432-d25b-56f9b30252ea}.Debug|Any CPU.Build.0 = Debug|Any CPU
		{48515721-e1e5-cd0b-ec01-be068447fe98}.Debug|Any CPU.ActiveCfg = Debug|Any CPU
		{48515721-e1e5-cd0b-ec01-be068447fe98}.Debug|Any CPU.Build.0 = Debug|Any CPU
		{d06f5961-068a-cf67-b05e-0679240b9fd7}.Debug|Any CPU.ActiveCfg = Debug|Any CPU
		{d06f5961-068a-cf67-b05e-0679240b9fd7}.Debug|Any CPU.Build.0 = Debug|Any CPU
		{989503c2-5490-2af0-293a-f8d2b0e31d7e}.Debug|Any CPU.ActiveCfg = Debug|Any CPU
		{989503c2-5490-2af0-293a-f8d2b0e31d7e}.Debug|Any CPU.Build.0 = Debug|Any CPU
		{2365ad2a-c8cb-5d2d-878e-dfa5c27cddfd}.Debug|Any CPU.ActiveCfg = Debug|Any CPU
		{2365ad2a-c8cb-5d2d-878e-dfa5c27cddfd}.Debug|Any CPU.Build.0 = Debug|Any CPU
		{dbfb7851-d485-93ca-932d-a2294a3f254f}.Debug|Any CPU.ActiveCfg = Debug|Any CPU
		{dbfb7851-d485-93ca-932d-a2294a3f254f}.Debug|Any CPU.Build.0 = Debug|Any CPU
		{86fb4802-1964-9b9a-8275-411170853b31}.Debug|Any CPU.ActiveCfg = Debug|Any CPU
		{86fb4802-1964-9b9a-8275-411170853b31}.Debug|Any CPU.Build.0 = Debug|Any CPU
		{e9ac2b06-2fae-050b-2942-647c1f9e0b74}.Debug|Any CPU.ActiveCfg = Debug|Any CPU
		{e9ac2b06-2fae-050b-2942-647c1f9e0b74}.Debug|Any CPU.Build.0 = Debug|Any CPU
		{aec0d6a6-c5e6-7b2c-31b9-8cfd0f6775eb}.Debug|Any CPU.ActiveCfg = Debug|Any CPU
		{aec0d6a6-c5e6-7b2c-31b9-8cfd0f6775eb}.Debug|Any CPU.Build.0 = Debug|Any CPU
		{1968e01f-47ed-8009-4a85-efe4ec835416}.Debug|Any CPU.ActiveCfg = Debug|Any CPU
		{1968e01f-47ed-8009-4a85-efe4ec835416}.Debug|Any CPU.Build.0 = Debug|Any CPU
		{a2ab52e2-7aac-0157-2e43-1371552b91bf}.Debug|Any CPU.ActiveCfg = Debug|Any CPU
		{a2ab52e2-7aac-0157-2e43-1371552b91bf}.Debug|Any CPU.Build.0 = Debug|Any CPU
		{c5a391ed-e454-fe07-f85b-a17c08183dda}.Debug|Any CPU.ActiveCfg = Debug|Any CPU
		{c5a391ed-e454-fe07-f85b-a17c08183dda}.Debug|Any CPU.Build.0 = Debug|Any CPU
		{ea67cbb7-c256-57da-f649-c11c8fe73b02}.Debug|Any CPU.ActiveCfg = Debug|Any CPU
		{ea67cbb7-c256-57da-f649-c11c8fe73b02}.Debug|Any CPU.Build.0 = Debug|Any CPU
		{7b5c109a-1ca9-fa40-dc62-eb62d88a1ce0}.Debug|Any CPU.ActiveCfg = Debug|Any CPU
		{7b5c109a-1ca9-fa40-dc62-eb62d88a1ce0}.Debug|Any CPU.Build.0 = Debug|Any CPU
		{f712c2f9-f22d-1cca-c576-b2eac6f49086}.Debug|Any CPU.ActiveCfg = Debug|Any CPU
		{f712c2f9-f22d-1cca-c576-b2eac6f49086}.Debug|Any CPU.Build.0 = Debug|Any CPU
		{f3f0a003-0e7e-7bff-a215-569420e5d510}.Debug|Any CPU.ActiveCfg = Debug|Any CPU
		{f3f0a003-0e7e-7bff-a215-569420e5d510}.Debug|Any CPU.Build.0 = Debug|Any CPU
		{a8b58d0f-fcbb-6a1a-8e25-32eb9f5f1943}.Debug|Any CPU.ActiveCfg = Debug|Any CPU
		{a8b58d0f-fcbb-6a1a-8e25-32eb9f5f1943}.Debug|Any CPU.Build.0 = Debug|Any CPU
		{a18d7a0d-54cc-0035-1198-ca7c7b0a0da9}.Debug|Any CPU.ActiveCfg = Debug|Any CPU
		{a18d7a0d-54cc-0035-1198-ca7c7b0a0da9}.Debug|Any CPU.Build.0 = Debug|Any CPU
		{6e90d072-adec-6c85-8699-cc4a342da315}.Debug|Any CPU.ActiveCfg = Debug|Any CPU
		{6e90d072-adec-6c85-8699-cc4a342da315}.Debug|Any CPU.Build.0 = Debug|Any CPU
		{a42b3fe1-ab19-075a-ab98-a5c168670575}.Debug|Any CPU.ActiveCfg = Debug|Any CPU
		{a42b3fe1-ab19-075a-ab98-a5c168670575}.Debug|Any CPU.Build.0 = Debug|Any CPU
		{95c31132-87bc-176f-6687-ce2cddcbb5cb}.Debug|Any CPU.ActiveCfg = Debug|Any CPU
		{95c31132-87bc-176f-6687-ce2cddcbb5cb}.Debug|Any CPU.Build.0 = Debug|Any CPU
		{52d23624-6937-025c-39c7-0b0e624811bf}.Debug|Any CPU.ActiveCfg = Debug|Any CPU
		{52d23624-6937-025c-39c7-0b0e624811bf}.Debug|Any CPU.Build.0 = Debug|Any CPU
		{21237956-e9f6-895e-30ae-6425a8ae7387}.Debug|Any CPU.ActiveCfg = Debug|Any CPU
		{21237956-e9f6-895e-30ae-6425a8ae7387}.Debug|Any CPU.Build.0 = Debug|Any CPU
		{8f7c523d-b914-2fe1-608f-f05744287880}.Debug|Any CPU.ActiveCfg = Debug|Any CPU
		{8f7c523d-b914-2fe1-608f-f05744287880}.Debug|Any CPU.Build.0 = Debug|Any CPU
	EndGlobalSection
	GlobalSection(SolutionProperties) = preSolution
		HideSolutionNode = FALSE
	EndGlobalSection
EndGlobal
